// !$*UTF8*$!
{
	archiveVersion = 1;
	classes = {
	};
	objectVersion = 56;
	objects = {

/* Begin PBXBuildFile section */
		CC728F0929E5207700A0D06A /* fast_pasteApp.swift in Sources */ = {isa = PBXBuildFile; fileRef = CC728F0829E5207700A0D06A /* fast_pasteApp.swift */; };
		CC728F0B29E5207700A0D06A /* ContentView.swift in Sources */ = {isa = PBXBuildFile; fileRef = CC728F0A29E5207700A0D06A /* ContentView.swift */; };
		CC728F0D29E5207900A0D06A /* Assets.xcassets in Resources */ = {isa = PBXBuildFile; fileRef = CC728F0C29E5207900A0D06A /* Assets.xcassets */; };
		CC728F1029E5207900A0D06A /* Preview Assets.xcassets in Resources */ = {isa = PBXBuildFile; fileRef = CC728F0F29E5207900A0D06A /* Preview Assets.xcassets */; };
		CC728F1B29E5207A00A0D06A /* fast_pasteTests.swift in Sources */ = {isa = PBXBuildFile; fileRef = CC728F1A29E5207A00A0D06A /* fast_pasteTests.swift */; };
		CC728F2529E5207A00A0D06A /* fast_pasteUITests.swift in Sources */ = {isa = PBXBuildFile; fileRef = CC728F2429E5207A00A0D06A /* fast_pasteUITests.swift */; };
		CC728F2729E5207A00A0D06A /* fast_pasteUITestsLaunchTests.swift in Sources */ = {isa = PBXBuildFile; fileRef = CC728F2629E5207A00A0D06A /* fast_pasteUITestsLaunchTests.swift */; };
/* End PBXBuildFile section */

/* Begin PBXContainerItemProxy section */
		CC728F1729E5207A00A0D06A /* PBXContainerItemProxy */ = {
			isa = PBXContainerItemProxy;
			containerPortal = CC728EFD29E5207700A0D06A /* Project object */;
			proxyType = 1;
			remoteGlobalIDString = CC728F0429E5207700A0D06A;
			remoteInfo = "fast paste";
		};
		CC728F2129E5207A00A0D06A /* PBXContainerItemProxy */ = {
			isa = PBXContainerItemProxy;
			containerPortal = CC728EFD29E5207700A0D06A /* Project object */;
			proxyType = 1;
			remoteGlobalIDString = CC728F0429E5207700A0D06A;
			remoteInfo = "fast paste";
		};
/* End PBXContainerItemProxy section */

/* Begin PBXFileReference section */
		CC728F0529E5207700A0D06A /* fast paste.app */ = {isa = PBXFileReference; explicitFileType = wrapper.application; includeInIndex = 0; path = "fast paste.app"; sourceTree = BUILT_PRODUCTS_DIR; };
		CC728F0829E5207700A0D06A /* fast_pasteApp.swift */ = {isa = PBXFileReference; lastKnownFileType = sourcecode.swift; path = fast_pasteApp.swift; sourceTree = "<group>"; };
		CC728F0A29E5207700A0D06A /* ContentView.swift */ = {isa = PBXFileReference; lastKnownFileType = sourcecode.swift; path = ContentView.swift; sourceTree = "<group>"; };
		CC728F0C29E5207900A0D06A /* Assets.xcassets */ = {isa = PBXFileReference; lastKnownFileType = folder.assetcatalog; path = Assets.xcassets; sourceTree = "<group>"; };
		CC728F0F29E5207900A0D06A /* Preview Assets.xcassets */ = {isa = PBXFileReference; lastKnownFileType = folder.assetcatalog; path = "Preview Assets.xcassets"; sourceTree = "<group>"; };
		CC728F1129E5207900A0D06A /* fast_paste.entitlements */ = {isa = PBXFileReference; lastKnownFileType = text.plist.entitlements; path = fast_paste.entitlements; sourceTree = "<group>"; };
		CC728F1629E5207900A0D06A /* fast pasteTests.xctest */ = {isa = PBXFileReference; explicitFileType = wrapper.cfbundle; includeInIndex = 0; path = "fast pasteTests.xctest"; sourceTree = BUILT_PRODUCTS_DIR; };
		CC728F1A29E5207A00A0D06A /* fast_pasteTests.swift */ = {isa = PBXFileReference; lastKnownFileType = sourcecode.swift; path = fast_pasteTests.swift; sourceTree = "<group>"; };
		CC728F2029E5207A00A0D06A /* fast pasteUITests.xctest */ = {isa = PBXFileReference; explicitFileType = wrapper.cfbundle; includeInIndex = 0; path = "fast pasteUITests.xctest"; sourceTree = BUILT_PRODUCTS_DIR; };
		CC728F2429E5207A00A0D06A /* fast_pasteUITests.swift */ = {isa = PBXFileReference; lastKnownFileType = sourcecode.swift; path = fast_pasteUITests.swift; sourceTree = "<group>"; };
		CC728F2629E5207A00A0D06A /* fast_pasteUITestsLaunchTests.swift */ = {isa = PBXFileReference; lastKnownFileType = sourcecode.swift; path = fast_pasteUITestsLaunchTests.swift; sourceTree = "<group>"; };
/* End PBXFileReference section */

/* Begin PBXFrameworksBuildPhase section */
		CC728F0229E5207700A0D06A /* Frameworks */ = {
			isa = PBXFrameworksBuildPhase;
			buildActionMask = 2147483647;
			files = (
			);
			runOnlyForDeploymentPostprocessing = 0;
		};
		CC728F1329E5207900A0D06A /* Frameworks */ = {
			isa = PBXFrameworksBuildPhase;
			buildActionMask = 2147483647;
			files = (
			);
			runOnlyForDeploymentPostprocessing = 0;
		};
		CC728F1D29E5207A00A0D06A /* Frameworks */ = {
			isa = PBXFrameworksBuildPhase;
			buildActionMask = 2147483647;
			files = (
			);
			runOnlyForDeploymentPostprocessing = 0;
		};
/* End PBXFrameworksBuildPhase section */

/* Begin PBXGroup section */
		CC728EFC29E5207700A0D06A = {
			isa = PBXGroup;
			children = (
				CC728F0729E5207700A0D06A /* fast paste */,
				CC728F1929E5207A00A0D06A /* fast pasteTests */,
				CC728F2329E5207A00A0D06A /* fast pasteUITests */,
				CC728F0629E5207700A0D06A /* Products */,
			);
			sourceTree = "<group>";
		};
		CC728F0629E5207700A0D06A /* Products */ = {
			isa = PBXGroup;
			children = (
				CC728F0529E5207700A0D06A /* fast paste.app */,
				CC728F1629E5207900A0D06A /* fast pasteTests.xctest */,
				CC728F2029E5207A00A0D06A /* fast pasteUITests.xctest */,
			);
			name = Products;
			sourceTree = "<group>";
		};
		CC728F0729E5207700A0D06A /* fast paste */ = {
			isa = PBXGroup;
			children = (
				CC728F0829E5207700A0D06A /* fast_pasteApp.swift */,
				CC728F0A29E5207700A0D06A /* ContentView.swift */,
				CC728F0C29E5207900A0D06A /* Assets.xcassets */,
				CC728F1129E5207900A0D06A /* fast_paste.entitlements */,
				CC728F0E29E5207900A0D06A /* Preview Content */,
			);
			path = "fast paste";
			sourceTree = "<group>";
		};
		CC728F0E29E5207900A0D06A /* Preview Content */ = {
			isa = PBXGroup;
			children = (
				CC728F0F29E5207900A0D06A /* Preview Assets.xcassets */,
			);
			path = "Preview Content";
			sourceTree = "<group>";
		};
		CC728F1929E5207A00A0D06A /* fast pasteTests */ = {
			isa = PBXGroup;
			children = (
				CC728F1A29E5207A00A0D06A /* fast_pasteTests.swift */,
			);
			path = "fast pasteTests";
			sourceTree = "<group>";
		};
		CC728F2329E5207A00A0D06A /* fast pasteUITests */ = {
			isa = PBXGroup;
			children = (
				CC728F2429E5207A00A0D06A /* fast_pasteUITests.swift */,
				CC728F2629E5207A00A0D06A /* fast_pasteUITestsLaunchTests.swift */,
			);
			path = "fast pasteUITests";
			sourceTree = "<group>";
		};
/* End PBXGroup section */

/* Begin PBXNativeTarget section */
		CC728F0429E5207700A0D06A /* fast paste */ = {
			isa = PBXNativeTarget;
			buildConfigurationList = CC728F2A29E5207A00A0D06A /* Build configuration list for PBXNativeTarget "fast paste" */;
			buildPhases = (
				CC728F0129E5207700A0D06A /* Sources */,
				CC728F0229E5207700A0D06A /* Frameworks */,
				CC728F0329E5207700A0D06A /* Resources */,
			);
			buildRules = (
			);
			dependencies = (
			);
			name = "fast paste";
			productName = "fast paste";
			productReference = CC728F0529E5207700A0D06A /* fast paste.app */;
			productType = "com.apple.product-type.application";
		};
		CC728F1529E5207900A0D06A /* fast pasteTests */ = {
			isa = PBXNativeTarget;
			buildConfigurationList = CC728F2D29E5207A00A0D06A /* Build configuration list for PBXNativeTarget "fast pasteTests" */;
			buildPhases = (
				CC728F1229E5207900A0D06A /* Sources */,
				CC728F1329E5207900A0D06A /* Frameworks */,
				CC728F1429E5207900A0D06A /* Resources */,
			);
			buildRules = (
			);
			dependencies = (
				CC728F1829E5207A00A0D06A /* PBXTargetDependency */,
			);
			name = "fast pasteTests";
			productName = "fast pasteTests";
			productReference = CC728F1629E5207900A0D06A /* fast pasteTests.xctest */;
			productType = "com.apple.product-type.bundle.unit-test";
		};
		CC728F1F29E5207A00A0D06A /* fast pasteUITests */ = {
			isa = PBXNativeTarget;
			buildConfigurationList = CC728F3029E5207A00A0D06A /* Build configuration list for PBXNativeTarget "fast pasteUITests" */;
			buildPhases = (
				CC728F1C29E5207A00A0D06A /* Sources */,
				CC728F1D29E5207A00A0D06A /* Frameworks */,
				CC728F1E29E5207A00A0D06A /* Resources */,
			);
			buildRules = (
			);
			dependencies = (
				CC728F2229E5207A00A0D06A /* PBXTargetDependency */,
			);
			name = "fast pasteUITests";
			productName = "fast pasteUITests";
			productReference = CC728F2029E5207A00A0D06A /* fast pasteUITests.xctest */;
			productType = "com.apple.product-type.bundle.ui-testing";
		};
/* End PBXNativeTarget section */

/* Begin PBXProject section */
		CC728EFD29E5207700A0D06A /* Project object */ = {
			isa = PBXProject;
			attributes = {
				BuildIndependentTargetsInParallel = 1;
				LastSwiftUpdateCheck = 1430;
				LastUpgradeCheck = 1430;
				TargetAttributes = {
					CC728F0429E5207700A0D06A = {
						CreatedOnToolsVersion = 14.3;
					};
					CC728F1529E5207900A0D06A = {
						CreatedOnToolsVersion = 14.3;
						TestTargetID = CC728F0429E5207700A0D06A;
					};
					CC728F1F29E5207A00A0D06A = {
						CreatedOnToolsVersion = 14.3;
						TestTargetID = CC728F0429E5207700A0D06A;
					};
				};
			};
			buildConfigurationList = CC728F0029E5207700A0D06A /* Build configuration list for PBXProject "fast paste" */;
			compatibilityVersion = "Xcode 14.0";
			developmentRegion = en;
			hasScannedForEncodings = 0;
			knownRegions = (
				en,
				Base,
			);
			mainGroup = CC728EFC29E5207700A0D06A;
			productRefGroup = CC728F0629E5207700A0D06A /* Products */;
			projectDirPath = "";
			projectRoot = "";
			targets = (
				CC728F0429E5207700A0D06A /* fast paste */,
				CC728F1529E5207900A0D06A /* fast pasteTests */,
				CC728F1F29E5207A00A0D06A /* fast pasteUITests */,
			);
		};
/* End PBXProject section */

/* Begin PBXResourcesBuildPhase section */
		CC728F0329E5207700A0D06A /* Resources */ = {
			isa = PBXResourcesBuildPhase;
			buildActionMask = 2147483647;
			files = (
				CC728F1029E5207900A0D06A /* Preview Assets.xcassets in Resources */,
				CC728F0D29E5207900A0D06A /* Assets.xcassets in Resources */,
			);
			runOnlyForDeploymentPostprocessing = 0;
		};
		CC728F1429E5207900A0D06A /* Resources */ = {
			isa = PBXResourcesBuildPhase;
			buildActionMask = 2147483647;
			files = (
			);
			runOnlyForDeploymentPostprocessing = 0;
		};
		CC728F1E29E5207A00A0D06A /* Resources */ = {
			isa = PBXResourcesBuildPhase;
			buildActionMask = 2147483647;
			files = (
			);
			runOnlyForDeploymentPostprocessing = 0;
		};
/* End PBXResourcesBuildPhase section */

/* Begin PBXSourcesBuildPhase section */
		CC728F0129E5207700A0D06A /* Sources */ = {
			isa = PBXSourcesBuildPhase;
			buildActionMask = 2147483647;
			files = (
				CC728F0B29E5207700A0D06A /* ContentView.swift in Sources */,
				CC728F0929E5207700A0D06A /* fast_pasteApp.swift in Sources */,
			);
			runOnlyForDeploymentPostprocessing = 0;
		};
		CC728F1229E5207900A0D06A /* Sources */ = {
			isa = PBXSourcesBuildPhase;
			buildActionMask = 2147483647;
			files = (
				CC728F1B29E5207A00A0D06A /* fast_pasteTests.swift in Sources */,
			);
			runOnlyForDeploymentPostprocessing = 0;
		};
		CC728F1C29E5207A00A0D06A /* Sources */ = {
			isa = PBXSourcesBuildPhase;
			buildActionMask = 2147483647;
			files = (
				CC728F2729E5207A00A0D06A /* fast_pasteUITestsLaunchTests.swift in Sources */,
				CC728F2529E5207A00A0D06A /* fast_pasteUITests.swift in Sources */,
			);
			runOnlyForDeploymentPostprocessing = 0;
		};
/* End PBXSourcesBuildPhase section */

/* Begin PBXTargetDependency section */
		CC728F1829E5207A00A0D06A /* PBXTargetDependency */ = {
			isa = PBXTargetDependency;
			target = CC728F0429E5207700A0D06A /* fast paste */;
			targetProxy = CC728F1729E5207A00A0D06A /* PBXContainerItemProxy */;
		};
		CC728F2229E5207A00A0D06A /* PBXTargetDependency */ = {
			isa = PBXTargetDependency;
			target = CC728F0429E5207700A0D06A /* fast paste */;
			targetProxy = CC728F2129E5207A00A0D06A /* PBXContainerItemProxy */;
		};
/* End PBXTargetDependency section */

/* Begin XCBuildConfiguration section */
		CC728F2829E5207A00A0D06A /* Debug */ = {
			isa = XCBuildConfiguration;
			buildSettings = {
				ALWAYS_SEARCH_USER_PATHS = NO;
				CLANG_ANALYZER_NONNULL = YES;
				CLANG_ANALYZER_NUMBER_OBJECT_CONVERSION = YES_AGGRESSIVE;
				CLANG_CXX_LANGUAGE_STANDARD = "gnu++20";
				CLANG_ENABLE_MODULES = YES;
				CLANG_ENABLE_OBJC_ARC = YES;
				CLANG_ENABLE_OBJC_WEAK = YES;
				CLANG_WARN_BLOCK_CAPTURE_AUTORELEASING = YES;
				CLANG_WARN_BOOL_CONVERSION = YES;
				CLANG_WARN_COMMA = YES;
				CLANG_WARN_CONSTANT_CONVERSION = YES;
				CLANG_WARN_DEPRECATED_OBJC_IMPLEMENTATIONS = YES;
				CLANG_WARN_DIRECT_OBJC_ISA_USAGE = YES_ERROR;
				CLANG_WARN_DOCUMENTATION_COMMENTS = YES;
				CLANG_WARN_EMPTY_BODY = YES;
				CLANG_WARN_ENUM_CONVERSION = YES;
				CLANG_WARN_INFINITE_RECURSION = YES;
				CLANG_WARN_INT_CONVERSION = YES;
				CLANG_WARN_NON_LITERAL_NULL_CONVERSION = YES;
				CLANG_WARN_OBJC_IMPLICIT_RETAIN_SELF = YES;
				CLANG_WARN_OBJC_LITERAL_CONVERSION = YES;
				CLANG_WARN_OBJC_ROOT_CLASS = YES_ERROR;
				CLANG_WARN_QUOTED_INCLUDE_IN_FRAMEWORK_HEADER = YES;
				CLANG_WARN_RANGE_LOOP_ANALYSIS = YES;
				CLANG_WARN_STRICT_PROTOTYPES = YES;
				CLANG_WARN_SUSPICIOUS_MOVE = YES;
				CLANG_WARN_UNGUARDED_AVAILABILITY = YES_AGGRESSIVE;
				CLANG_WARN_UNREACHABLE_CODE = YES;
				CLANG_WARN__DUPLICATE_METHOD_MATCH = YES;
				COPY_PHASE_STRIP = NO;
				DEBUG_INFORMATION_FORMAT = dwarf;
				ENABLE_STRICT_OBJC_MSGSEND = YES;
				ENABLE_TESTABILITY = YES;
				GCC_C_LANGUAGE_STANDARD = gnu11;
				GCC_DYNAMIC_NO_PIC = NO;
				GCC_NO_COMMON_BLOCKS = YES;
				GCC_OPTIMIZATION_LEVEL = 0;
				GCC_PREPROCESSOR_DEFINITIONS = (
					"DEBUG=1",
					"$(inherited)",
				);
				GCC_WARN_64_TO_32_BIT_CONVERSION = YES;
				GCC_WARN_ABOUT_RETURN_TYPE = YES_ERROR;
				GCC_WARN_UNDECLARED_SELECTOR = YES;
				GCC_WARN_UNINITIALIZED_AUTOS = YES_AGGRESSIVE;
				GCC_WARN_UNUSED_FUNCTION = YES;
				GCC_WARN_UNUSED_VARIABLE = YES;
				MACOSX_DEPLOYMENT_TARGET = 13.3;
				MTL_ENABLE_DEBUG_INFO = INCLUDE_SOURCE;
				MTL_FAST_MATH = YES;
				ONLY_ACTIVE_ARCH = YES;
				SDKROOT = macosx;
				SWIFT_ACTIVE_COMPILATION_CONDITIONS = DEBUG;
				SWIFT_OPTIMIZATION_LEVEL = "-Onone";
			};
			name = Debug;
		};
		CC728F2929E5207A00A0D06A /* Release */ = {
			isa = XCBuildConfiguration;
			buildSettings = {
				ALWAYS_SEARCH_USER_PATHS = NO;
				CLANG_ANALYZER_NONNULL = YES;
				CLANG_ANALYZER_NUMBER_OBJECT_CONVERSION = YES_AGGRESSIVE;
				CLANG_CXX_LANGUAGE_STANDARD = "gnu++20";
				CLANG_ENABLE_MODULES = YES;
				CLANG_ENABLE_OBJC_ARC = YES;
				CLANG_ENABLE_OBJC_WEAK = YES;
				CLANG_WARN_BLOCK_CAPTURE_AUTORELEASING = YES;
				CLANG_WARN_BOOL_CONVERSION = YES;
				CLANG_WARN_COMMA = YES;
				CLANG_WARN_CONSTANT_CONVERSION = YES;
				CLANG_WARN_DEPRECATED_OBJC_IMPLEMENTATIONS = YES;
				CLANG_WARN_DIRECT_OBJC_ISA_USAGE = YES_ERROR;
				CLANG_WARN_DOCUMENTATION_COMMENTS = YES;
				CLANG_WARN_EMPTY_BODY = YES;
				CLANG_WARN_ENUM_CONVERSION = YES;
				CLANG_WARN_INFINITE_RECURSION = YES;
				CLANG_WARN_INT_CONVERSION = YES;
				CLANG_WARN_NON_LITERAL_NULL_CONVERSION = YES;
				CLANG_WARN_OBJC_IMPLICIT_RETAIN_SELF = YES;
				CLANG_WARN_OBJC_LITERAL_CONVERSION = YES;
				CLANG_WARN_OBJC_ROOT_CLASS = YES_ERROR;
				CLANG_WARN_QUOTED_INCLUDE_IN_FRAMEWORK_HEADER = YES;
				CLANG_WARN_RANGE_LOOP_ANALYSIS = YES;
				CLANG_WARN_STRICT_PROTOTYPES = YES;
				CLANG_WARN_SUSPICIOUS_MOVE = YES;
				CLANG_WARN_UNGUARDED_AVAILABILITY = YES_AGGRESSIVE;
				CLANG_WARN_UNREACHABLE_CODE = YES;
				CLANG_WARN__DUPLICATE_METHOD_MATCH = YES;
				COPY_PHASE_STRIP = NO;
				DEBUG_INFORMATION_FORMAT = "dwarf-with-dsym";
				ENABLE_NS_ASSERTIONS = NO;
				ENABLE_STRICT_OBJC_MSGSEND = YES;
				GCC_C_LANGUAGE_STANDARD = gnu11;
				GCC_NO_COMMON_BLOCKS = YES;
				GCC_WARN_64_TO_32_BIT_CONVERSION = YES;
				GCC_WARN_ABOUT_RETURN_TYPE = YES_ERROR;
				GCC_WARN_UNDECLARED_SELECTOR = YES;
				GCC_WARN_UNINITIALIZED_AUTOS = YES_AGGRESSIVE;
				GCC_WARN_UNUSED_FUNCTION = YES;
				GCC_WARN_UNUSED_VARIABLE = YES;
				MACOSX_DEPLOYMENT_TARGET = 13.3;
				MTL_ENABLE_DEBUG_INFO = NO;
				MTL_FAST_MATH = YES;
				SDKROOT = macosx;
				SWIFT_COMPILATION_MODE = wholemodule;
				SWIFT_OPTIMIZATION_LEVEL = "-O";
			};
			name = Release;
		};
		CC728F2B29E5207A00A0D06A /* Debug */ = {
			isa = XCBuildConfiguration;
			buildSettings = {
				ASSETCATALOG_COMPILER_APPICON_NAME = AppIcon;
				ASSETCATALOG_COMPILER_GLOBAL_ACCENT_COLOR_NAME = AccentColor;
				CODE_SIGN_ENTITLEMENTS = "fast paste/fast_paste.entitlements";
				CODE_SIGN_STYLE = Automatic;
				COMBINE_HIDPI_IMAGES = YES;
				CURRENT_PROJECT_VERSION = 1;
				DEVELOPMENT_ASSET_PATHS = "\"fast paste/Preview Content\"";
				ENABLE_PREVIEWS = YES;
				GENERATE_INFOPLIST_FILE = YES;
				INFOPLIST_KEY_NSHumanReadableCopyright = "";
				LD_RUNPATH_SEARCH_PATHS = (
					"$(inherited)",
					"@executable_path/../Frameworks",
				);
				MARKETING_VERSION = 1.0;
				PRODUCT_BUNDLE_IDENTIFIER = "com.hzzz.fast-paste";
				PRODUCT_NAME = "$(TARGET_NAME)";
				SWIFT_EMIT_LOC_STRINGS = YES;
				SWIFT_VERSION = 5.0;
			};
			name = Debug;
		};
		CC728F2C29E5207A00A0D06A /* Release */ = {
			isa = XCBuildConfiguration;
			buildSettings = {
				ASSETCATALOG_COMPILER_APPICON_NAME = AppIcon;
				ASSETCATALOG_COMPILER_GLOBAL_ACCENT_COLOR_NAME = AccentColor;
				CODE_SIGN_ENTITLEMENTS = "fast paste/fast_paste.entitlements";
				CODE_SIGN_STYLE = Automatic;
				COMBINE_HIDPI_IMAGES = YES;
				CURRENT_PROJECT_VERSION = 1;
				DEVELOPMENT_ASSET_PATHS = "\"fast paste/Preview Content\"";
				ENABLE_PREVIEWS = YES;
				GENERATE_INFOPLIST_FILE = YES;
				INFOPLIST_KEY_NSHumanReadableCopyright = "";
				LD_RUNPATH_SEARCH_PATHS = (
					"$(inherited)",
					"@executable_path/../Frameworks",
				);
				MARKETING_VERSION = 1.0;
				PRODUCT_BUNDLE_IDENTIFIER = "com.hzzz.fast-paste";
				PRODUCT_NAME = "$(TARGET_NAME)";
				SWIFT_EMIT_LOC_STRINGS = YES;
				SWIFT_VERSION = 5.0;
			};
			name = Release;
		};
		CC728F2E29E5207A00A0D06A /* Debug */ = {
			isa = XCBuildConfiguration;
			buildSettings = {
				ALWAYS_EMBED_SWIFT_STANDARD_LIBRARIES = YES;
				BUNDLE_LOADER = "$(TEST_HOST)";
				CODE_SIGN_STYLE = Automatic;
				CURRENT_PROJECT_VERSION = 1;
				GENERATE_INFOPLIST_FILE = YES;
				MACOSX_DEPLOYMENT_TARGET = 13.3;
				MARKETING_VERSION = 1.0;
				PRODUCT_BUNDLE_IDENTIFIER = "com.hzzz.fast-pasteTests";
				PRODUCT_NAME = "$(TARGET_NAME)";
				SWIFT_EMIT_LOC_STRINGS = NO;
				SWIFT_VERSION = 5.0;
				TEST_HOST = "$(BUILT_PRODUCTS_DIR)/fast paste.app/$(BUNDLE_EXECUTABLE_FOLDER_PATH)/fast paste";
			};
			name = Debug;
		};
		CC728F2F29E5207A00A0D06A /* Release */ = {
			isa = XCBuildConfiguration;
			buildSettings = {
				ALWAYS_EMBED_SWIFT_STANDARD_LIBRARIES = YES;
				BUNDLE_LOADER = "$(TEST_HOST)";
				CODE_SIGN_STYLE = Automatic;
				CURRENT_PROJECT_VERSION = 1;
				GENERATE_INFOPLIST_FILE = YES;
				MACOSX_DEPLOYMENT_TARGET = 13.3;
				MARKETING_VERSION = 1.0;
				PRODUCT_BUNDLE_IDENTIFIER = "com.hzzz.fast-pasteTests";
				PRODUCT_NAME = "$(TARGET_NAME)";
				SWIFT_EMIT_LOC_STRINGS = NO;
				SWIFT_VERSION = 5.0;
				TEST_HOST = "$(BUILT_PRODUCTS_DIR)/fast paste.app/$(BUNDLE_EXECUTABLE_FOLDER_PATH)/fast paste";
			};
			name = Release;
		};
		CC728F3129E5207A00A0D06A /* Debug */ = {
			isa = XCBuildConfiguration;
			buildSettings = {
				ALWAYS_EMBED_SWIFT_STANDARD_LIBRARIES = YES;
				CODE_SIGN_STYLE = Automatic;
				CURRENT_PROJECT_VERSION = 1;
				GENERATE_INFOPLIST_FILE = YES;
				MARKETING_VERSION = 1.0;
				PRODUCT_BUNDLE_IDENTIFIER = "com.hzzz.fast-pasteUITests";
				PRODUCT_NAME = "$(TARGET_NAME)";
				SWIFT_EMIT_LOC_STRINGS = NO;
				SWIFT_VERSION = 5.0;
				TEST_TARGET_NAME = "fast paste";
			};
			name = Debug;
		};
		CC728F3229E5207A00A0D06A /* Release */ = {
			isa = XCBuildConfiguration;
			buildSettings = {
				ALWAYS_EMBED_SWIFT_STANDARD_LIBRARIES = YES;
				CODE_SIGN_STYLE = Automatic;
				CURRENT_PROJECT_VERSION = 1;
				GENERATE_INFOPLIST_FILE = YES;
				MARKETING_VERSION = 1.0;
				PRODUCT_BUNDLE_IDENTIFIER = "com.hzzz.fast-pasteUITests";
				PRODUCT_NAME = "$(TARGET_NAME)";
				SWIFT_EMIT_LOC_STRINGS = NO;
				SWIFT_VERSION = 5.0;
				TEST_TARGET_NAME = "fast paste";
			};
			name = Release;
		};
/* End XCBuildConfiguration section */

/* Begin XCConfigurationList section */
		CC728F0029E5207700A0D06A /* Build configuration list for PBXProject "fast paste" */ = {
			isa = XCConfigurationList;
			buildConfigurations = (
				CC728F2829E5207A00A0D06A /* Debug */,
				CC728F2929E5207A00A0D06A /* Release */,
			);
			defaultConfigurationIsVisible = 0;
			defaultConfigurationName = Release;
		};
		CC728F2A29E5207A00A0D06A /* Build configuration list for PBXNativeTarget "fast paste" */ = {
			isa = XCConfigurationList;
			buildConfigurations = (
				CC728F2B29E5207A00A0D06A /* Debug */,
				CC728F2C29E5207A00A0D06A /* Release */,
			);
			defaultConfigurationIsVisible = 0;
			defaultConfigurationName = Release;
		};
		CC728F2D29E5207A00A0D06A /* Build configuration list for PBXNativeTarget "fast pasteTests" */ = {
			isa = XCConfigurationList;
			buildConfigurations = (
				CC728F2E29E5207A00A0D06A /* Debug */,
				CC728F2F29E5207A00A0D06A /* Release */,
			);
			defaultConfigurationIsVisible = 0;
			defaultConfigurationName = Release;
		};
		CC728F3029E5207A00A0D06A /* Build configuration list for PBXNativeTarget "fast pasteUITests" */ = {
			isa = XCConfigurationList;
			buildConfigurations = (
				CC728F3129E5207A00A0D06A /* Debug */,
				CC728F3229E5207A00A0D06A /* Release */,
			);
			defaultConfigurationIsVisible = 0;
			defaultConfigurationName = Release;
		};
/* End XCConfigurationList section */
	};
	rootObject = CC728EFD29E5207700A0D06A /* Project object */;
}
