// !$*UTF8*$!
{
	archiveVersion = 1;
	classes = {
	};
	objectVersion = 56;
	objects = {

/* Begin PBXBuildFile section */
		CC1E703629E6375200D14C50 /* fast_pasteApp.swift in Sources */ = {isa = PBXBuildFile; fileRef = CC1E703529E6375200D14C50 /* fast_pasteApp.swift */; };
		CC1E703829E6375200D14C50 /* ContentView.swift in Sources */ = {isa = PBXBuildFile; fileRef = CC1E703729E6375200D14C50 /* ContentView.swift */; };
		CC1E703A29E6375400D14C50 /* Assets.xcassets in Resources */ = {isa = PBXBuildFile; fileRef = CC1E703929E6375400D14C50 /* Assets.xcassets */; };
		CC1E703D29E6375400D14C50 /* Preview Assets.xcassets in Resources */ = {isa = PBXBuildFile; fileRef = CC1E703C29E6375400D14C50 /* Preview Assets.xcassets */; };
		CC1E703F29E6375400D14C50 /* Persistence.swift in Sources */ = {isa = PBXBuildFile; fileRef = CC1E703E29E6375400D14C50 /* Persistence.swift */; };
		CC1E704229E6375400D14C50 /* fast_paste.xcdatamodeld in Sources */ = {isa = PBXBuildFile; fileRef = CC1E704029E6375400D14C50 /* fast_paste.xcdatamodeld */; };
		CC1E704D29E6375400D14C50 /* fast_pasteTests.swift in Sources */ = {isa = PBXBuildFile; fileRef = CC1E704C29E6375400D14C50 /* fast_pasteTests.swift */; };
		CC1E705729E6375400D14C50 /* fast_pasteUITests.swift in Sources */ = {isa = PBXBuildFile; fileRef = CC1E705629E6375400D14C50 /* fast_pasteUITests.swift */; };
		CC1E705929E6375400D14C50 /* fast_pasteUITestsLaunchTests.swift in Sources */ = {isa = PBXBuildFile; fileRef = CC1E705829E6375400D14C50 /* fast_pasteUITestsLaunchTests.swift */; };
		CC1E706729E637D100D14C50 /* KeyboardShortcuts in Frameworks */ = {isa = PBXBuildFile; productRef = CC1E706629E637D100D14C50 /* KeyboardShortcuts */; };
		CC1E706929E6386E00D14C50 /* Constants.swift in Sources */ = {isa = PBXBuildFile; fileRef = CC1E706829E6386E00D14C50 /* Constants.swift */; };
		CC1E706B29E6388100D14C50 /* SettingsScreen.swift in Sources */ = {isa = PBXBuildFile; fileRef = CC1E706A29E6388100D14C50 /* SettingsScreen.swift */; };
/* End PBXBuildFile section */

/* Begin PBXContainerItemProxy section */
		CC1E704929E6375400D14C50 /* PBXContainerItemProxy */ = {
			isa = PBXContainerItemProxy;
			containerPortal = CC1E702A29E6375100D14C50 /* Project object */;
			proxyType = 1;
			remoteGlobalIDString = CC1E703129E6375200D14C50;
			remoteInfo = "fast paste";
		};
		CC1E705329E6375400D14C50 /* PBXContainerItemProxy */ = {
			isa = PBXContainerItemProxy;
			containerPortal = CC1E702A29E6375100D14C50 /* Project object */;
			proxyType = 1;
			remoteGlobalIDString = CC1E703129E6375200D14C50;
			remoteInfo = "fast paste";
		};
/* End PBXContainerItemProxy section */

/* Begin PBXFileReference section */
		CC1E703229E6375200D14C50 /* fast paste.app */ = {isa = PBXFileReference; explicitFileType = wrapper.application; includeInIndex = 0; path = "fast paste.app"; sourceTree = BUILT_PRODUCTS_DIR; };
		CC1E703529E6375200D14C50 /* fast_pasteApp.swift */ = {isa = PBXFileReference; lastKnownFileType = sourcecode.swift; path = fast_pasteApp.swift; sourceTree = "<group>"; };
		CC1E703729E6375200D14C50 /* ContentView.swift */ = {isa = PBXFileReference; lastKnownFileType = sourcecode.swift; path = ContentView.swift; sourceTree = "<group>"; };
		CC1E703929E6375400D14C50 /* Assets.xcassets */ = {isa = PBXFileReference; lastKnownFileType = folder.assetcatalog; path = Assets.xcassets; sourceTree = "<group>"; };
		CC1E703C29E6375400D14C50 /* Preview Assets.xcassets */ = {isa = PBXFileReference; lastKnownFileType = folder.assetcatalog; path = "Preview Assets.xcassets"; sourceTree = "<group>"; };
		CC1E703E29E6375400D14C50 /* Persistence.swift */ = {isa = PBXFileReference; lastKnownFileType = sourcecode.swift; path = Persistence.swift; sourceTree = "<group>"; };
		CC1E704129E6375400D14C50 /* fast_paste.xcdatamodel */ = {isa = PBXFileReference; lastKnownFileType = wrapper.xcdatamodel; path = fast_paste.xcdatamodel; sourceTree = "<group>"; };
		CC1E704329E6375400D14C50 /* fast_paste.entitlements */ = {isa = PBXFileReference; lastKnownFileType = text.plist.entitlements; path = fast_paste.entitlements; sourceTree = "<group>"; };
		CC1E704829E6375400D14C50 /* fast pasteTests.xctest */ = {isa = PBXFileReference; explicitFileType = wrapper.cfbundle; includeInIndex = 0; path = "fast pasteTests.xctest"; sourceTree = BUILT_PRODUCTS_DIR; };
		CC1E704C29E6375400D14C50 /* fast_pasteTests.swift */ = {isa = PBXFileReference; lastKnownFileType = sourcecode.swift; path = fast_pasteTests.swift; sourceTree = "<group>"; };
		CC1E705229E6375400D14C50 /* fast pasteUITests.xctest */ = {isa = PBXFileReference; explicitFileType = wrapper.cfbundle; includeInIndex = 0; path = "fast pasteUITests.xctest"; sourceTree = BUILT_PRODUCTS_DIR; };
		CC1E705629E6375400D14C50 /* fast_pasteUITests.swift */ = {isa = PBXFileReference; lastKnownFileType = sourcecode.swift; path = fast_pasteUITests.swift; sourceTree = "<group>"; };
		CC1E705829E6375400D14C50 /* fast_pasteUITestsLaunchTests.swift */ = {isa = PBXFileReference; lastKnownFileType = sourcecode.swift; path = fast_pasteUITestsLaunchTests.swift; sourceTree = "<group>"; };
		CC1E706829E6386E00D14C50 /* Constants.swift */ = {isa = PBXFileReference; lastKnownFileType = sourcecode.swift; path = Constants.swift; sourceTree = "<group>"; };
		CC1E706A29E6388100D14C50 /* SettingsScreen.swift */ = {isa = PBXFileReference; lastKnownFileType = sourcecode.swift; path = SettingsScreen.swift; sourceTree = "<group>"; };
/* End PBXFileReference section */

/* Begin PBXFrameworksBuildPhase section */
		CC1E702F29E6375200D14C50 /* Frameworks */ = {
			isa = PBXFrameworksBuildPhase;
			buildActionMask = 2147483647;
			files = (
				CC1E706729E637D100D14C50 /* KeyboardShortcuts in Frameworks */,
			);
			runOnlyForDeploymentPostprocessing = 0;
		};
		CC1E704529E6375400D14C50 /* Frameworks */ = {
			isa = PBXFrameworksBuildPhase;
			buildActionMask = 2147483647;
			files = (
			);
			runOnlyForDeploymentPostprocessing = 0;
		};
		CC1E704F29E6375400D14C50 /* Frameworks */ = {
			isa = PBXFrameworksBuildPhase;
			buildActionMask = 2147483647;
			files = (
			);
			runOnlyForDeploymentPostprocessing = 0;
		};
/* End PBXFrameworksBuildPhase section */

/* Begin PBXGroup section */
		CC1E702929E6375100D14C50 = {
			isa = PBXGroup;
			children = (
				CC1E703429E6375200D14C50 /* fast paste */,
				CC1E704B29E6375400D14C50 /* fast pasteTests */,
				CC1E705529E6375400D14C50 /* fast pasteUITests */,
				CC1E703329E6375200D14C50 /* Products */,
			);
			sourceTree = "<group>";
		};
		CC1E703329E6375200D14C50 /* Products */ = {
			isa = PBXGroup;
			children = (
				CC1E703229E6375200D14C50 /* fast paste.app */,
				CC1E704829E6375400D14C50 /* fast pasteTests.xctest */,
				CC1E705229E6375400D14C50 /* fast pasteUITests.xctest */,
			);
			name = Products;
			sourceTree = "<group>";
		};
		CC1E703429E6375200D14C50 /* fast paste */ = {
			isa = PBXGroup;
			children = (
				CC1E703529E6375200D14C50 /* fast_pasteApp.swift */,
				CC1E703729E6375200D14C50 /* ContentView.swift */,
				CC1E703929E6375400D14C50 /* Assets.xcassets */,
				CC1E703E29E6375400D14C50 /* Persistence.swift */,
				CC1E704329E6375400D14C50 /* fast_paste.entitlements */,
				CC1E704029E6375400D14C50 /* fast_paste.xcdatamodeld */,
				CC1E703B29E6375400D14C50 /* Preview Content */,
				CC1E706829E6386E00D14C50 /* Constants.swift */,
				CC1E706A29E6388100D14C50 /* SettingsScreen.swift */,
			);
			path = "fast paste";
			sourceTree = "<group>";
		};
		CC1E703B29E6375400D14C50 /* Preview Content */ = {
			isa = PBXGroup;
			children = (
				CC1E703C29E6375400D14C50 /* Preview Assets.xcassets */,
			);
			path = "Preview Content";
			sourceTree = "<group>";
		};
		CC1E704B29E6375400D14C50 /* fast pasteTests */ = {
			isa = PBXGroup;
			children = (
				CC1E704C29E6375400D14C50 /* fast_pasteTests.swift */,
			);
			path = "fast pasteTests";
			sourceTree = "<group>";
		};
		CC1E705529E6375400D14C50 /* fast pasteUITests */ = {
			isa = PBXGroup;
			children = (
				CC1E705629E6375400D14C50 /* fast_pasteUITests.swift */,
				CC1E705829E6375400D14C50 /* fast_pasteUITestsLaunchTests.swift */,
			);
			path = "fast pasteUITests";
			sourceTree = "<group>";
		};
/* End PBXGroup section */

/* Begin PBXNativeTarget section */
		CC1E703129E6375200D14C50 /* fast paste */ = {
			isa = PBXNativeTarget;
			buildConfigurationList = CC1E705C29E6375400D14C50 /* Build configuration list for PBXNativeTarget "fast paste" */;
			buildPhases = (
				CC1E702E29E6375200D14C50 /* Sources */,
				CC1E702F29E6375200D14C50 /* Frameworks */,
				CC1E703029E6375200D14C50 /* Resources */,
			);
			buildRules = (
			);
			dependencies = (
			);
			name = "fast paste";
			packageProductDependencies = (
				CC1E706629E637D100D14C50 /* KeyboardShortcuts */,
			);
			productName = "fast paste";
			productReference = CC1E703229E6375200D14C50 /* fast paste.app */;
			productType = "com.apple.product-type.application";
		};
		CC1E704729E6375400D14C50 /* fast pasteTests */ = {
			isa = PBXNativeTarget;
			buildConfigurationList = CC1E705F29E6375400D14C50 /* Build configuration list for PBXNativeTarget "fast pasteTests" */;
			buildPhases = (
				CC1E704429E6375400D14C50 /* Sources */,
				CC1E704529E6375400D14C50 /* Frameworks */,
				CC1E704629E6375400D14C50 /* Resources */,
			);
			buildRules = (
			);
			dependencies = (
				CC1E704A29E6375400D14C50 /* PBXTargetDependency */,
			);
			name = "fast pasteTests";
			productName = "fast pasteTests";
			productReference = CC1E704829E6375400D14C50 /* fast pasteTests.xctest */;
			productType = "com.apple.product-type.bundle.unit-test";
		};
		CC1E705129E6375400D14C50 /* fast pasteUITests */ = {
			isa = PBXNativeTarget;
			buildConfigurationList = CC1E706229E6375400D14C50 /* Build configuration list for PBXNativeTarget "fast pasteUITests" */;
			buildPhases = (
				CC1E704E29E6375400D14C50 /* Sources */,
				CC1E704F29E6375400D14C50 /* Frameworks */,
				CC1E705029E6375400D14C50 /* Resources */,
			);
			buildRules = (
			);
			dependencies = (
				CC1E705429E6375400D14C50 /* PBXTargetDependency */,
			);
			name = "fast pasteUITests";
			productName = "fast pasteUITests";
			productReference = CC1E705229E6375400D14C50 /* fast pasteUITests.xctest */;
			productType = "com.apple.product-type.bundle.ui-testing";
		};
/* End PBXNativeTarget section */

/* Begin PBXProject section */
		CC1E702A29E6375100D14C50 /* Project object */ = {
			isa = PBXProject;
			attributes = {
				BuildIndependentTargetsInParallel = 1;
				LastSwiftUpdateCheck = 1430;
				LastUpgradeCheck = 1430;
				TargetAttributes = {
					CC1E703129E6375200D14C50 = {
						CreatedOnToolsVersion = 14.3;
					};
					CC1E704729E6375400D14C50 = {
						CreatedOnToolsVersion = 14.3;
						TestTargetID = CC1E703129E6375200D14C50;
					};
					CC1E705129E6375400D14C50 = {
						CreatedOnToolsVersion = 14.3;
						TestTargetID = CC1E703129E6375200D14C50;
					};
				};
			};
			buildConfigurationList = CC1E702D29E6375100D14C50 /* Build configuration list for PBXProject "fast paste" */;
			compatibilityVersion = "Xcode 14.0";
			developmentRegion = en;
			hasScannedForEncodings = 0;
			knownRegions = (
				en,
				Base,
			);
			mainGroup = CC1E702929E6375100D14C50;
			packageReferences = (
				CC1E706529E637D100D14C50 /* XCRemoteSwiftPackageReference "KeyboardShortcuts" */,
			);
			productRefGroup = CC1E703329E6375200D14C50 /* Products */;
			projectDirPath = "";
			projectRoot = "";
			targets = (
				CC1E703129E6375200D14C50 /* fast paste */,
				CC1E704729E6375400D14C50 /* fast pasteTests */,
				CC1E705129E6375400D14C50 /* fast pasteUITests */,
			);
		};
/* End PBXProject section */

/* Begin PBXResourcesBuildPhase section */
		CC1E703029E6375200D14C50 /* Resources */ = {
			isa = PBXResourcesBuildPhase;
			buildActionMask = 2147483647;
			files = (
				CC1E703D29E6375400D14C50 /* Preview Assets.xcassets in Resources */,
				CC1E703A29E6375400D14C50 /* Assets.xcassets in Resources */,
			);
			runOnlyForDeploymentPostprocessing = 0;
		};
		CC1E704629E6375400D14C50 /* Resources */ = {
			isa = PBXResourcesBuildPhase;
			buildActionMask = 2147483647;
			files = (
			);
			runOnlyForDeploymentPostprocessing = 0;
		};
		CC1E705029E6375400D14C50 /* Resources */ = {
			isa = PBXResourcesBuildPhase;
			buildActionMask = 2147483647;
			files = (
			);
			runOnlyForDeploymentPostprocessing = 0;
		};
/* End PBXResourcesBuildPhase section */

/* Begin PBXSourcesBuildPhase section */
		CC1E702E29E6375200D14C50 /* Sources */ = {
			isa = PBXSourcesBuildPhase;
			buildActionMask = 2147483647;
			files = (
				CC1E706929E6386E00D14C50 /* Constants.swift in Sources */,
				CC1E703F29E6375400D14C50 /* Persistence.swift in Sources */,
				CC1E704229E6375400D14C50 /* fast_paste.xcdatamodeld in Sources */,
				CC1E703829E6375200D14C50 /* ContentView.swift in Sources */,
				CC1E706B29E6388100D14C50 /* SettingsScreen.swift in Sources */,
				CC1E703629E6375200D14C50 /* fast_pasteApp.swift in Sources */,
			);
			runOnlyForDeploymentPostprocessing = 0;
		};
		CC1E704429E6375400D14C50 /* Sources */ = {
			isa = PBXSourcesBuildPhase;
			buildActionMask = 2147483647;
			files = (
				CC1E704D29E6375400D14C50 /* fast_pasteTests.swift in Sources */,
			);
			runOnlyForDeploymentPostprocessing = 0;
		};
		CC1E704E29E6375400D14C50 /* Sources */ = {
			isa = PBXSourcesBuildPhase;
			buildActionMask = 2147483647;
			files = (
				CC1E705929E6375400D14C50 /* fast_pasteUITestsLaunchTests.swift in Sources */,
				CC1E705729E6375400D14C50 /* fast_pasteUITests.swift in Sources */,
			);
			runOnlyForDeploymentPostprocessing = 0;
		};
/* End PBXSourcesBuildPhase section */

/* Begin PBXTargetDependency section */
		CC1E704A29E6375400D14C50 /* PBXTargetDependency */ = {
			isa = PBXTargetDependency;
			target = CC1E703129E6375200D14C50 /* fast paste */;
			targetProxy = CC1E704929E6375400D14C50 /* PBXContainerItemProxy */;
		};
		CC1E705429E6375400D14C50 /* PBXTargetDependency */ = {
			isa = PBXTargetDependency;
			target = CC1E703129E6375200D14C50 /* fast paste */;
			targetProxy = CC1E705329E6375400D14C50 /* PBXContainerItemProxy */;
		};
/* End PBXTargetDependency section */

/* Begin XCBuildConfiguration section */
		CC1E705A29E6375400D14C50 /* Debug */ = {
			isa = XCBuildConfiguration;
			buildSettings = {
				ALWAYS_SEARCH_USER_PATHS = NO;
				CLANG_ANALYZER_NONNULL = YES;
				CLANG_ANALYZER_NUMBER_OBJECT_CONVERSION = YES_AGGRESSIVE;
				CLANG_CXX_LANGUAGE_STANDARD = "gnu++20";
				CLANG_ENABLE_MODULES = YES;
				CLANG_ENABLE_OBJC_ARC = YES;
				CLANG_ENABLE_OBJC_WEAK = YES;
				CLANG_WARN_BLOCK_CAPTURE_AUTORELEASING = YES;
				CLANG_WARN_BOOL_CONVERSION = YES;
				CLANG_WARN_COMMA = YES;
				CLANG_WARN_CONSTANT_CONVERSION = YES;
				CLANG_WARN_DEPRECATED_OBJC_IMPLEMENTATIONS = YES;
				CLANG_WARN_DIRECT_OBJC_ISA_USAGE = YES_ERROR;
				CLANG_WARN_DOCUMENTATION_COMMENTS = YES;
				CLANG_WARN_EMPTY_BODY = YES;
				CLANG_WARN_ENUM_CONVERSION = YES;
				CLANG_WARN_INFINITE_RECURSION = YES;
				CLANG_WARN_INT_CONVERSION = YES;
				CLANG_WARN_NON_LITERAL_NULL_CONVERSION = YES;
				CLANG_WARN_OBJC_IMPLICIT_RETAIN_SELF = YES;
				CLANG_WARN_OBJC_LITERAL_CONVERSION = YES;
				CLANG_WARN_OBJC_ROOT_CLASS = YES_ERROR;
				CLANG_WARN_QUOTED_INCLUDE_IN_FRAMEWORK_HEADER = YES;
				CLANG_WARN_RANGE_LOOP_ANALYSIS = YES;
				CLANG_WARN_STRICT_PROTOTYPES = YES;
				CLANG_WARN_SUSPICIOUS_MOVE = YES;
				CLANG_WARN_UNGUARDED_AVAILABILITY = YES_AGGRESSIVE;
				CLANG_WARN_UNREACHABLE_CODE = YES;
				CLANG_WARN__DUPLICATE_METHOD_MATCH = YES;
				COPY_PHASE_STRIP = NO;
				DEBUG_INFORMATION_FORMAT = dwarf;
				ENABLE_STRICT_OBJC_MSGSEND = YES;
				ENABLE_TESTABILITY = YES;
				GCC_C_LANGUAGE_STANDARD = gnu11;
				GCC_DYNAMIC_NO_PIC = NO;
				GCC_NO_COMMON_BLOCKS = YES;
				GCC_OPTIMIZATION_LEVEL = 0;
				GCC_PREPROCESSOR_DEFINITIONS = (
					"DEBUG=1",
					"$(inherited)",
				);
				GCC_WARN_64_TO_32_BIT_CONVERSION = YES;
				GCC_WARN_ABOUT_RETURN_TYPE = YES_ERROR;
				GCC_WARN_UNDECLARED_SELECTOR = YES;
				GCC_WARN_UNINITIALIZED_AUTOS = YES_AGGRESSIVE;
				GCC_WARN_UNUSED_FUNCTION = YES;
				GCC_WARN_UNUSED_VARIABLE = YES;
				MACOSX_DEPLOYMENT_TARGET = 13.3;
				MTL_ENABLE_DEBUG_INFO = INCLUDE_SOURCE;
				MTL_FAST_MATH = YES;
				ONLY_ACTIVE_ARCH = YES;
				SDKROOT = macosx;
				SWIFT_ACTIVE_COMPILATION_CONDITIONS = DEBUG;
				SWIFT_OPTIMIZATION_LEVEL = "-Onone";
			};
			name = Debug;
		};
		CC1E705B29E6375400D14C50 /* Release */ = {
			isa = XCBuildConfiguration;
			buildSettings = {
				ALWAYS_SEARCH_USER_PATHS = NO;
				CLANG_ANALYZER_NONNULL = YES;
				CLANG_ANALYZER_NUMBER_OBJECT_CONVERSION = YES_AGGRESSIVE;
				CLANG_CXX_LANGUAGE_STANDARD = "gnu++20";
				CLANG_ENABLE_MODULES = YES;
				CLANG_ENABLE_OBJC_ARC = YES;
				CLANG_ENABLE_OBJC_WEAK = YES;
				CLANG_WARN_BLOCK_CAPTURE_AUTORELEASING = YES;
				CLANG_WARN_BOOL_CONVERSION = YES;
				CLANG_WARN_COMMA = YES;
				CLANG_WARN_CONSTANT_CONVERSION = YES;
				CLANG_WARN_DEPRECATED_OBJC_IMPLEMENTATIONS = YES;
				CLANG_WARN_DIRECT_OBJC_ISA_USAGE = YES_ERROR;
				CLANG_WARN_DOCUMENTATION_COMMENTS = YES;
				CLANG_WARN_EMPTY_BODY = YES;
				CLANG_WARN_ENUM_CONVERSION = YES;
				CLANG_WARN_INFINITE_RECURSION = YES;
				CLANG_WARN_INT_CONVERSION = YES;
				CLANG_WARN_NON_LITERAL_NULL_CONVERSION = YES;
				CLANG_WARN_OBJC_IMPLICIT_RETAIN_SELF = YES;
				CLANG_WARN_OBJC_LITERAL_CONVERSION = YES;
				CLANG_WARN_OBJC_ROOT_CLASS = YES_ERROR;
				CLANG_WARN_QUOTED_INCLUDE_IN_FRAMEWORK_HEADER = YES;
				CLANG_WARN_RANGE_LOOP_ANALYSIS = YES;
				CLANG_WARN_STRICT_PROTOTYPES = YES;
				CLANG_WARN_SUSPICIOUS_MOVE = YES;
				CLANG_WARN_UNGUARDED_AVAILABILITY = YES_AGGRESSIVE;
				CLANG_WARN_UNREACHABLE_CODE = YES;
				CLANG_WARN__DUPLICATE_METHOD_MATCH = YES;
				COPY_PHASE_STRIP = NO;
				DEBUG_INFORMATION_FORMAT = "dwarf-with-dsym";
				ENABLE_NS_ASSERTIONS = NO;
				ENABLE_STRICT_OBJC_MSGSEND = YES;
				GCC_C_LANGUAGE_STANDARD = gnu11;
				GCC_NO_COMMON_BLOCKS = YES;
				GCC_WARN_64_TO_32_BIT_CONVERSION = YES;
				GCC_WARN_ABOUT_RETURN_TYPE = YES_ERROR;
				GCC_WARN_UNDECLARED_SELECTOR = YES;
				GCC_WARN_UNINITIALIZED_AUTOS = YES_AGGRESSIVE;
				GCC_WARN_UNUSED_FUNCTION = YES;
				GCC_WARN_UNUSED_VARIABLE = YES;
				MACOSX_DEPLOYMENT_TARGET = 13.3;
				MTL_ENABLE_DEBUG_INFO = NO;
				MTL_FAST_MATH = YES;
				SDKROOT = macosx;
				SWIFT_COMPILATION_MODE = wholemodule;
				SWIFT_OPTIMIZATION_LEVEL = "-O";
			};
			name = Release;
		};
		CC1E705D29E6375400D14C50 /* Debug */ = {
			isa = XCBuildConfiguration;
			buildSettings = {
				ASSETCATALOG_COMPILER_APPICON_NAME = AppIcon;
				ASSETCATALOG_COMPILER_GLOBAL_ACCENT_COLOR_NAME = AccentColor;
				CODE_SIGN_ENTITLEMENTS = "fast paste/fast_paste.entitlements";
				CODE_SIGN_STYLE = Automatic;
				COMBINE_HIDPI_IMAGES = YES;
				CURRENT_PROJECT_VERSION = 1;
				DEVELOPMENT_ASSET_PATHS = "\"fast paste/Preview Content\"";
				ENABLE_PREVIEWS = YES;
				GENERATE_INFOPLIST_FILE = YES;
				INFOPLIST_KEY_NSHumanReadableCopyright = "";
				LD_RUNPATH_SEARCH_PATHS = (
					"$(inherited)",
					"@executable_path/../Frameworks",
				);
				MARKETING_VERSION = 1.0;
				PRODUCT_BUNDLE_IDENTIFIER = "com.hzzz.fast-paste";
				PRODUCT_NAME = "$(TARGET_NAME)";
				SWIFT_EMIT_LOC_STRINGS = YES;
				SWIFT_VERSION = 5.0;
			};
			name = Debug;
		};
		CC1E705E29E6375400D14C50 /* Release */ = {
			isa = XCBuildConfiguration;
			buildSettings = {
				ASSETCATALOG_COMPILER_APPICON_NAME = AppIcon;
				ASSETCATALOG_COMPILER_GLOBAL_ACCENT_COLOR_NAME = AccentColor;
				CODE_SIGN_ENTITLEMENTS = "fast paste/fast_paste.entitlements";
				CODE_SIGN_STYLE = Automatic;
				COMBINE_HIDPI_IMAGES = YES;
				CURRENT_PROJECT_VERSION = 1;
				DEVELOPMENT_ASSET_PATHS = "\"fast paste/Preview Content\"";
				ENABLE_PREVIEWS = YES;
				GENERATE_INFOPLIST_FILE = YES;
				INFOPLIST_KEY_NSHumanReadableCopyright = "";
				LD_RUNPATH_SEARCH_PATHS = (
					"$(inherited)",
					"@executable_path/../Frameworks",
				);
				MARKETING_VERSION = 1.0;
				PRODUCT_BUNDLE_IDENTIFIER = "com.hzzz.fast-paste";
				PRODUCT_NAME = "$(TARGET_NAME)";
				SWIFT_EMIT_LOC_STRINGS = YES;
				SWIFT_VERSION = 5.0;
			};
			name = Release;
		};
		CC1E706029E6375400D14C50 /* Debug */ = {
			isa = XCBuildConfiguration;
			buildSettings = {
				ALWAYS_EMBED_SWIFT_STANDARD_LIBRARIES = YES;
				BUNDLE_LOADER = "$(TEST_HOST)";
				CODE_SIGN_STYLE = Automatic;
				CURRENT_PROJECT_VERSION = 1;
				GENERATE_INFOPLIST_FILE = YES;
				MACOSX_DEPLOYMENT_TARGET = 13.3;
				MARKETING_VERSION = 1.0;
				PRODUCT_BUNDLE_IDENTIFIER = "com.hzzz.fast-pasteTests";
				PRODUCT_NAME = "$(TARGET_NAME)";
				SWIFT_EMIT_LOC_STRINGS = NO;
				SWIFT_VERSION = 5.0;
				TEST_HOST = "$(BUILT_PRODUCTS_DIR)/fast paste.app/$(BUNDLE_EXECUTABLE_FOLDER_PATH)/fast paste";
			};
			name = Debug;
		};
		CC1E706129E6375400D14C50 /* Release */ = {
			isa = XCBuildConfiguration;
			buildSettings = {
				ALWAYS_EMBED_SWIFT_STANDARD_LIBRARIES = YES;
				BUNDLE_LOADER = "$(TEST_HOST)";
				CODE_SIGN_STYLE = Automatic;
				CURRENT_PROJECT_VERSION = 1;
				GENERATE_INFOPLIST_FILE = YES;
				MACOSX_DEPLOYMENT_TARGET = 13.3;
				MARKETING_VERSION = 1.0;
				PRODUCT_BUNDLE_IDENTIFIER = "com.hzzz.fast-pasteTests";
				PRODUCT_NAME = "$(TARGET_NAME)";
				SWIFT_EMIT_LOC_STRINGS = NO;
				SWIFT_VERSION = 5.0;
				TEST_HOST = "$(BUILT_PRODUCTS_DIR)/fast paste.app/$(BUNDLE_EXECUTABLE_FOLDER_PATH)/fast paste";
			};
			name = Release;
		};
		CC1E706329E6375400D14C50 /* Debug */ = {
			isa = XCBuildConfiguration;
			buildSettings = {
				ALWAYS_EMBED_SWIFT_STANDARD_LIBRARIES = YES;
				CODE_SIGN_STYLE = Automatic;
				CURRENT_PROJECT_VERSION = 1;
				GENERATE_INFOPLIST_FILE = YES;
				MARKETING_VERSION = 1.0;
				PRODUCT_BUNDLE_IDENTIFIER = "com.hzzz.fast-pasteUITests";
				PRODUCT_NAME = "$(TARGET_NAME)";
				SWIFT_EMIT_LOC_STRINGS = NO;
				SWIFT_VERSION = 5.0;
				TEST_TARGET_NAME = "fast paste";
			};
			name = Debug;
		};
		CC1E706429E6375400D14C50 /* Release */ = {
			isa = XCBuildConfiguration;
			buildSettings = {
				ALWAYS_EMBED_SWIFT_STANDARD_LIBRARIES = YES;
				CODE_SIGN_STYLE = Automatic;
				CURRENT_PROJECT_VERSION = 1;
				GENERATE_INFOPLIST_FILE = YES;
				MARKETING_VERSION = 1.0;
				PRODUCT_BUNDLE_IDENTIFIER = "com.hzzz.fast-pasteUITests";
				PRODUCT_NAME = "$(TARGET_NAME)";
				SWIFT_EMIT_LOC_STRINGS = NO;
				SWIFT_VERSION = 5.0;
				TEST_TARGET_NAME = "fast paste";
			};
			name = Release;
		};
/* End XCBuildConfiguration section */

/* Begin XCConfigurationList section */
		CC1E702D29E6375100D14C50 /* Build configuration list for PBXProject "fast paste" */ = {
			isa = XCConfigurationList;
			buildConfigurations = (
				CC1E705A29E6375400D14C50 /* Debug */,
				CC1E705B29E6375400D14C50 /* Release */,
			);
			defaultConfigurationIsVisible = 0;
			defaultConfigurationName = Release;
		};
		CC1E705C29E6375400D14C50 /* Build configuration list for PBXNativeTarget "fast paste" */ = {
			isa = XCConfigurationList;
			buildConfigurations = (
				CC1E705D29E6375400D14C50 /* Debug */,
				CC1E705E29E6375400D14C50 /* Release */,
			);
			defaultConfigurationIsVisible = 0;
			defaultConfigurationName = Release;
		};
		CC1E705F29E6375400D14C50 /* Build configuration list for PBXNativeTarget "fast pasteTests" */ = {
			isa = XCConfigurationList;
			buildConfigurations = (
				CC1E706029E6375400D14C50 /* Debug */,
				CC1E706129E6375400D14C50 /* Release */,
			);
			defaultConfigurationIsVisible = 0;
			defaultConfigurationName = Release;
		};
		CC1E706229E6375400D14C50 /* Build configuration list for PBXNativeTarget "fast pasteUITests" */ = {
			isa = XCConfigurationList;
			buildConfigurations = (
				CC1E706329E6375400D14C50 /* Debug */,
				CC1E706429E6375400D14C50 /* Release */,
			);
			defaultConfigurationIsVisible = 0;
			defaultConfigurationName = Release;
		};
/* End XCConfigurationList section */

/* Begin XCRemoteSwiftPackageReference section */
		CC1E706529E637D100D14C50 /* XCRemoteSwiftPackageReference "KeyboardShortcuts" */ = {
			isa = XCRemoteSwiftPackageReference;
			repositoryURL = "https://github.com/sindresorhus/KeyboardShortcuts";
			requirement = {
				branch = main;
				kind = branch;
			};
		};
/* End XCRemoteSwiftPackageReference section */

/* Begin XCSwiftPackageProductDependency section */
		CC1E706629E637D100D14C50 /* KeyboardShortcuts */ = {
			isa = XCSwiftPackageProductDependency;
			package = CC1E706529E637D100D14C50 /* XCRemoteSwiftPackageReference "KeyboardShortcuts" */;
			productName = KeyboardShortcuts;
		};
/* End XCSwiftPackageProductDependency section */

/* Begin XCVersionGroup section */
		CC1E704029E6375400D14C50 /* fast_paste.xcdatamodeld */ = {
			isa = XCVersionGroup;
			children = (
				CC1E704129E6375400D14C50 /* fast_paste.xcdatamodel */,
			);
			currentVersion = CC1E704129E6375400D14C50 /* fast_paste.xcdatamodel */;
			path = fast_paste.xcdatamodeld;
			sourceTree = "<group>";
			versionGroupType = wrapper.xcdatamodel;
		};
/* End XCVersionGroup section */
	};
	rootObject = CC1E702A29E6375100D14C50 /* Project object */;
}
